Microsoft Visual Studio Solution File, Format Version 12.00
# Visual Studio 14
VisualStudioVersion = 14.0.25123.0
MinimumVisualStudioVersion = 10.0.40219.1
Project("{FAE04EC0-301F-11D3-BF4B-00C04F79EFBC}") = "CsharpWorker", "CsharpWorker.csproj", "{5F743C5A-5961-4406-83A9-3D97CB5FE4ED}"
EndProject
Global
	GlobalSection(SolutionConfigurationPlatforms) = preSolution
		Debug|macOS64 = Debug|macOS64
		Debug|Linux64 = Debug|Linux64
		Debug|Windows64 = Debug|Windows64
		Release|macOS64 = Release|macOS64
		Release|Linux64 = Release|Linux64
		Release|Windows64 = Release|Windows64
	EndGlobalSection
	GlobalSection(ProjectConfigurationPlatforms) = postSolution
		{5F743C5A-5961-4406-83A9-3D97CB5FE4ED}.Debug|macOS64.ActiveCfg = DebugMacOS|x64
		{5F743C5A-5961-4406-83A9-3D97CB5FE4ED}.Debug|macOS64.Build.0 = DebugMacOS|x64
		{5F743C5A-5961-4406-83A9-3D97CB5FE4ED}.Debug|Linux64.ActiveCfg = DebugLinux|x64
		{5F743C5A-5961-4406-83A9-3D97CB5FE4ED}.Debug|Linux64.Build.0 = DebugLinux|x64
		{5F743C5A-5961-4406-83A9-3D97CB5FE4ED}.Debug|Windows64.ActiveCfg = DebugWindows|x64
		{5F743C5A-5961-4406-83A9-3D97CB5FE4ED}.Debug|Windows64.Build.0 = DebugWindows|x64
		{5F743C5A-5961-4406-83A9-3D97CB5FE4ED}.Release|macOS64.ActiveCfg = ReleaseMacOS|x64
		{5F743C5A-5961-4406-83A9-3D97CB5FE4ED}.Release|macOS64.Build.0 = ReleaseMacOS|x64
		{5F743C5A-5961-4406-83A9-3D97CB5FE4ED}.Release|Linux64.ActiveCfg = ReleaseLinux|x64
		{5F743C5A-5961-4406-83A9-3D97CB5FE4ED}.Release|Linux64.Build.0 = ReleaseLinux|x64
		{5F743C5A-5961-4406-83A9-3D97CB5FE4ED}.Release|Windows64.ActiveCfg = ReleaseWindows|x64
		{5F743C5A-5961-4406-83A9-3D97CB5FE4ED}.Release|Windows64.Build.0 = ReleaseWindows|x64
		{2A8F3D05-A4BF-4F4A-83B1-6761CA9CE011}.Debug|macOS64.ActiveCfg = Debug|x64
		{2A8F3D05-A4BF-4F4A-83B1-6761CA9CE011}.Debug|macOS64.Build.0 = Debug|x64
		{2A8F3D05-A4BF-4F4A-83B1-6761CA9CE011}.Debug|Linux64.ActiveCfg = Debug|x64
		{2A8F3D05-A4BF-4F4A-83B1-6761CA9CE011}.Debug|Linux64.Build.0 = Debug|x64
		{2A8F3D05-A4BF-4F4A-83B1-6761CA9CE011}.Debug|Windows64.ActiveCfg = Debug|x64
		{2A8F3D05-A4BF-4F4A-83B1-6761CA9CE011}.Debug|Windows64.Build.0 = Debug|x64
		{2A8F3D05-A4BF-4F4A-83B1-6761CA9CE011}.Release|macOS64.ActiveCfg = Release|x64
		{2A8F3D05-A4BF-4F4A-83B1-6761CA9CE011}.Release|macOS64.Build.0 = Release|x64
		{2A8F3D05-A4BF-4F4A-83B1-6761CA9CE011}.Release|Linux64.ActiveCfg = Release|x64
		{2A8F3D05-A4BF-4F4A-83B1-6761CA9CE011}.Release|Linux64.Build.0 = Release|x64
		{2A8F3D05-A4BF-4F4A-83B1-6761CA9CE011}.Release|Windows64.ActiveCfg = Release|x64
		{2A8F3D05-A4BF-4F4A-83B1-6761CA9CE011}.Release|Windows64.Build.0 = Release|x64
	EndGlobalSection
	GlobalSection(SolutionProperties) = preSolution
		HideSolutionNode = FALSE
	EndGlobalSection
EndGlobal
